
Microsoft Visual Studio Solution File, Format Version 12.00
# Visual Studio Version 16
VisualStudioVersion = 16.0.29905.134
MinimumVisualStudioVersion = 10.0.40219.1
Project("{9A19103F-16F7-4668-BE54-9A1E7A4F7556}") = "Ncdawn.CommonService.Class", "Ncdawn.CommonService.Class\Ncdawn.CommonService.Class.csproj", "{7C2BA925-025D-4671-AB98-9F223A2E4476}"
EndProject
Project("{9A19103F-16F7-4668-BE54-9A1E7A4F7556}") = "Ncdawn.feignclient.Model", "Ncdawn.feignclient.Model\Ncdawn.feignclient.Model.csproj", "{355D7BAE-8FED-400B-8D76-0116C909FA5D}"
EndProject
Project("{9A19103F-16F7-4668-BE54-9A1E7A4F7556}") = "Ncdawn.EFS", "Ncdawn.EFS\Ncdawn.EFS.csproj", "{D942D2F4-FF18-4E93-AFF7-D346853C9FD7}"
EndProject
Project("{9A19103F-16F7-4668-BE54-9A1E7A4F7556}") = "Ncdawn.Core.DotNetty", "Ncdawn.Core.DotNetty\Ncdawn.Core.DotNetty.csproj", "{8D73BB74-99C6-4757-8B58-013EF4F7E1B7}"
EndProject
Project("{9A19103F-16F7-4668-BE54-9A1E7A4F7556}") = "Ncdawn.Core.Redis", "Ncdawn.Core.Redis\Ncdawn.Core.Redis.csproj", "{4E837636-AAB2-439F-B78C-89809D39A559}"
EndProject
Project("{2150E333-8FDC-42A3-9474-1A3956D46DE8}") = "Ncdawn.Core", "Ncdawn.Core", "{E57D4A3A-932F-4D08-8297-7897B2EC5F1F}"
EndProject
Project("{9A19103F-16F7-4668-BE54-9A1E7A4F7556}") = "Ncdawn.Core.Common", "Ncdawn.Core.Common\Ncdawn.Core.Common.csproj", "{FD303168-5D56-4DF3-BE38-CCD03A165FBD}"
EndProject
Project("{9A19103F-16F7-4668-BE54-9A1E7A4F7556}") = "Ncdawn.Core.Utils", "Ncdawn.Core.Utils\Ncdawn.Core.Utils.csproj", "{B1309967-893A-4B3A-9ACA-098AD69A4645}"
EndProject
Project("{9A19103F-16F7-4668-BE54-9A1E7A4F7556}") = "Ncdawn.Service.Account", "Ncdawn.Service.Account\Ncdawn.Service.Account.csproj", "{715B4404-2D50-4974-B335-80B700074DC5}"
EndProject
Project("{9A19103F-16F7-4668-BE54-9A1E7A4F7556}") = "Ncdawn.Core.OpenTracing", "Ncdawn.Core.OpenTracing\Ncdawn.Core.OpenTracing.csproj", "{B116EAFE-BC8B-4566-BFAA-8B62327DB294}"
EndProject
Project("{9A19103F-16F7-4668-BE54-9A1E7A4F7556}") = "Ncdawn.Core.Config", "Ncdawn.Core.Config\Ncdawn.Core.Config.csproj", "{B19EA222-8667-4DDD-AA3E-C40853A4B586}"
EndProject
Project("{9A19103F-16F7-4668-BE54-9A1E7A4F7556}") = "Ncdawn.Core.SqlSugor", "Ncdawn.Core.SqlSugor\Ncdawn.Core.SqlSugor.csproj", "{1F7A080D-F886-432C-8D95-7C9ACD1B0952}"
EndProject
Global
	GlobalSection(SolutionConfigurationPlatforms) = preSolution
		Debug|Any CPU = Debug|Any CPU
		Release|Any CPU = Release|Any CPU
	EndGlobalSection
	GlobalSection(ProjectConfigurationPlatforms) = postSolution
		{7C2BA925-025D-4671-AB98-9F223A2E4476}.Debug|Any CPU.ActiveCfg = Debug|Any CPU
		{7C2BA925-025D-4671-AB98-9F223A2E4476}.Debug|Any CPU.Build.0 = Debug|Any CPU
		{7C2BA925-025D-4671-AB98-9F223A2E4476}.Release|Any CPU.ActiveCfg = Release|Any CPU
		{7C2BA925-025D-4671-AB98-9F223A2E4476}.Release|Any CPU.Build.0 = Release|Any CPU
		{355D7BAE-8FED-400B-8D76-0116C909FA5D}.Debug|Any CPU.ActiveCfg = Debug|Any CPU
		{355D7BAE-8FED-400B-8D76-0116C909FA5D}.Debug|Any CPU.Build.0 = Debug|Any CPU
		{355D7BAE-8FED-400B-8D76-0116C909FA5D}.Release|Any CPU.ActiveCfg = Release|Any CPU
		{355D7BAE-8FED-400B-8D76-0116C909FA5D}.Release|Any CPU.Build.0 = Release|Any CPU
		{D942D2F4-FF18-4E93-AFF7-D346853C9FD7}.Debug|Any CPU.ActiveCfg = Debug|Any CPU
		{D942D2F4-FF18-4E93-AFF7-D346853C9FD7}.Debug|Any CPU.Build.0 = Debug|Any CPU
		{D942D2F4-FF18-4E93-AFF7-D346853C9FD7}.Release|Any CPU.ActiveCfg = Release|Any CPU
		{D942D2F4-FF18-4E93-AFF7-D346853C9FD7}.Release|Any CPU.Build.0 = Release|Any CPU
		{8D73BB74-99C6-4757-8B58-013EF4F7E1B7}.Debug|Any CPU.ActiveCfg = Debug|Any CPU
		{8D73BB74-99C6-4757-8B58-013EF4F7E1B7}.Debug|Any CPU.Build.0 = Debug|Any CPU
		{8D73BB74-99C6-4757-8B58-013EF4F7E1B7}.Release|Any CPU.ActiveCfg = Release|Any CPU
		{8D73BB74-99C6-4757-8B58-013EF4F7E1B7}.Release|Any CPU.Build.0 = Release|Any CPU
		{4E837636-AAB2-439F-B78C-89809D39A559}.Debug|Any CPU.ActiveCfg = Debug|Any CPU
		{4E837636-AAB2-439F-B78C-89809D39A559}.Debug|Any CPU.Build.0 = Debug|Any CPU
		{4E837636-AAB2-439F-B78C-89809D39A559}.Release|Any CPU.ActiveCfg = Release|Any CPU
		{4E837636-AAB2-439F-B78C-89809D39A559}.Release|Any CPU.Build.0 = Release|Any CPU
		{FD303168-5D56-4DF3-BE38-CCD03A165FBD}.Debug|Any CPU.ActiveCfg = Debug|Any CPU
		{FD303168-5D56-4DF3-BE38-CCD03A165FBD}.Debug|Any CPU.Build.0 = Debug|Any CPU
		{FD303168-5D56-4DF3-BE38-CCD03A165FBD}.Release|Any CPU.ActiveCfg = Release|Any CPU
		{FD303168-5D56-4DF3-BE38-CCD03A165FBD}.Release|Any CPU.Build.0 = Release|Any CPU
		{B1309967-893A-4B3A-9ACA-098AD69A4645}.Debug|Any CPU.ActiveCfg = Debug|Any CPU
		{B1309967-893A-4B3A-9ACA-098AD69A4645}.Debug|Any CPU.Build.0 = Debug|Any CPU
		{B1309967-893A-4B3A-9ACA-098AD69A4645}.Release|Any CPU.ActiveCfg = Release|Any CPU
		{B1309967-893A-4B3A-9ACA-098AD69A4645}.Release|Any CPU.Build.0 = Release|Any CPU
		{715B4404-2D50-4974-B335-80B700074DC5}.Debug|Any CPU.ActiveCfg = Debug|Any CPU
		{715B4404-2D50-4974-B335-80B700074DC5}.Debug|Any CPU.Build.0 = Debug|Any CPU
		{715B4404-2D50-4974-B335-80B700074DC5}.Release|Any CPU.ActiveCfg = Release|Any CPU
		{715B4404-2D50-4974-B335-80B700074DC5}.Release|Any CPU.Build.0 = Release|Any CPU
		{B116EAFE-BC8B-4566-BFAA-8B62327DB294}.Debug|Any CPU.ActiveCfg = Debug|Any CPU
		{B116EAFE-BC8B-4566-BFAA-8B62327DB294}.Debug|Any CPU.Build.0 = Debug|Any CPU
		{B116EAFE-BC8B-4566-BFAA-8B62327DB294}.Release|Any CPU.ActiveCfg = Release|Any CPU
		{B116EAFE-BC8B-4566-BFAA-8B62327DB294}.Release|Any CPU.Build.0 = Release|Any CPU
		{B19EA222-8667-4DDD-AA3E-C40853A4B586}.Debug|Any CPU.ActiveCfg = Debug|Any CPU
		{B19EA222-8667-4DDD-AA3E-C40853A4B586}.Debug|Any CPU.Build.0 = Debug|Any CPU
		{B19EA222-8667-4DDD-AA3E-C40853A4B586}.Release|Any CPU.ActiveCfg = Release|Any CPU
		{B19EA222-8667-4DDD-AA3E-C40853A4B586}.Release|Any CPU.Build.0 = Release|Any CPU
		{1F7A080D-F886-432C-8D95-7C9ACD1B0952}.Debug|Any CPU.ActiveCfg = Debug|Any CPU
		{1F7A080D-F886-432C-8D95-7C9ACD1B0952}.Debug|Any CPU.Build.0 = Debug|Any CPU
		{1F7A080D-F886-432C-8D95-7C9ACD1B0952}.Release|Any CPU.ActiveCfg = Release|Any CPU
		{1F7A080D-F886-432C-8D95-7C9ACD1B0952}.Release|Any CPU.Build.0 = Release|Any CPU
	EndGlobalSection
	GlobalSection(SolutionProperties) = preSolution
		HideSolutionNode = FALSE
	EndGlobalSection
	GlobalSection(NestedProjects) = preSolution
		{8D73BB74-99C6-4757-8B58-013EF4F7E1B7} = {E57D4A3A-932F-4D08-8297-7897B2EC5F1F}
		{4E837636-AAB2-439F-B78C-89809D39A559} = {E57D4A3A-932F-4D08-8297-7897B2EC5F1F}
		{FD303168-5D56-4DF3-BE38-CCD03A165FBD} = {E57D4A3A-932F-4D08-8297-7897B2EC5F1F}
		{B1309967-893A-4B3A-9ACA-098AD69A4645} = {E57D4A3A-932F-4D08-8297-7897B2EC5F1F}
		{B116EAFE-BC8B-4566-BFAA-8B62327DB294} = {E57D4A3A-932F-4D08-8297-7897B2EC5F1F}
		{B19EA222-8667-4DDD-AA3E-C40853A4B586} = {E57D4A3A-932F-4D08-8297-7897B2EC5F1F}
		{1F7A080D-F886-432C-8D95-7C9ACD1B0952} = {E57D4A3A-932F-4D08-8297-7897B2EC5F1F}
	EndGlobalSection
	GlobalSection(ExtensibilityGlobals) = postSolution
		SolutionGuid = {A505CDE4-87BF-429B-9282-AB43DB83727B}
	EndGlobalSection
EndGlobal
